
Microsoft Visual Studio Solution File, Format Version 12.00
# Visual Studio 14
VisualStudioVersion = 14.0.22310.1
MinimumVisualStudioVersion = 10.0.40219.1
Project("{FAE04EC0-301F-11D3-BF4B-00C04F79EFBC}") = "PostechBeginsScripts", "..\PostechBeginsScripts.csproj", "{947AFCA9-2C65-482C-9CD9-CE5CFC6C7C26}"
EndProject
Global
	GlobalSection(SolutionConfigurationPlatforms) = preSolution
		Debug|Any CPU = Debug|Any CPU
		Release|Any CPU = Release|Any CPU
	EndGlobalSection
	GlobalSection(ProjectConfigurationPlatforms) = postSolution
		{947AFCA9-2C65-482C-9CD9-CE5CFC6C7C26}.Debug|Any CPU.ActiveCfg = Debug|Any CPU
		{947AFCA9-2C65-482C-9CD9-CE5CFC6C7C26}.Debug|Any CPU.Build.0 = Debug|Any CPU
		{947AFCA9-2C65-482C-9CD9-CE5CFC6C7C26}.Release|Any CPU.ActiveCfg = Release|Any CPU
		{947AFCA9-2C65-482C-9CD9-CE5CFC6C7C26}.Release|Any CPU.Build.0 = Release|Any CPU
	EndGlobalSection
	GlobalSection(SolutionProperties) = preSolution
		HideSolutionNode = FALSE
	EndGlobalSection
EndGlobal
